
Microsoft Visual Studio Solution File, Format Version 12.00
# Visual Studio 14
VisualStudioVersion = 14.0.25420.1
MinimumVisualStudioVersion = 10.0.40219.1
Project("{FAE04EC0-301F-11D3-BF4B-00C04F79EFBC}") = "VelocityCoders.FitnessSchedule.WebForms", "VelocityCoders.FitnessSchedule.WebForms\VelocityCoders.FitnessSchedule.WebForms.csproj", "{7628FD87-BDC9-46E9-9199-02F10C5D2B69}"
EndProject
Project("{FAE04EC0-301F-11D3-BF4B-00C04F79EFBC}") = "Jagtap.Common", "..\Jagtap.Common\Jagtap.Common\Jagtap.Common.csproj", "{AACF6DA2-8BB4-4620-840A-E622A78EBD41}"
EndProject
Project("{FAE04EC0-301F-11D3-BF4B-00C04F79EFBC}") = "VelocityCoders.FitnessSchedule.Models", "VelocityCoders.FitnessSchedule.Models\VelocityCoders.FitnessSchedule.Models.csproj", "{B4C25311-4121-45CE-B175-70CDF01F4E52}"
EndProject
Project("{FAE04EC0-301F-11D3-BF4B-00C04F79EFBC}") = "VelocityCoders.FitnessSchedule.DAL", "VelocityCoders.FitnessSchedule.DAL\VelocityCoders.FitnessSchedule.DAL.csproj", "{BEFC9AB0-882C-47F0-9275-1D3E207F528D}"
EndProject
Global
	GlobalSection(SolutionConfigurationPlatforms) = preSolution
		Debug|Any CPU = Debug|Any CPU
		Release|Any CPU = Release|Any CPU
	EndGlobalSection
	GlobalSection(ProjectConfigurationPlatforms) = postSolution
		{7628FD87-BDC9-46E9-9199-02F10C5D2B69}.Debug|Any CPU.ActiveCfg = Debug|Any CPU
		{7628FD87-BDC9-46E9-9199-02F10C5D2B69}.Debug|Any CPU.Build.0 = Debug|Any CPU
		{7628FD87-BDC9-46E9-9199-02F10C5D2B69}.Release|Any CPU.ActiveCfg = Release|Any CPU
		{7628FD87-BDC9-46E9-9199-02F10C5D2B69}.Release|Any CPU.Build.0 = Release|Any CPU
		{AACF6DA2-8BB4-4620-840A-E622A78EBD41}.Debug|Any CPU.ActiveCfg = Debug|Any CPU
		{AACF6DA2-8BB4-4620-840A-E622A78EBD41}.Debug|Any CPU.Build.0 = Debug|Any CPU
		{AACF6DA2-8BB4-4620-840A-E622A78EBD41}.Release|Any CPU.ActiveCfg = Release|Any CPU
		{AACF6DA2-8BB4-4620-840A-E622A78EBD41}.Release|Any CPU.Build.0 = Release|Any CPU
		{B4C25311-4121-45CE-B175-70CDF01F4E52}.Debug|Any CPU.ActiveCfg = Debug|Any CPU
		{B4C25311-4121-45CE-B175-70CDF01F4E52}.Debug|Any CPU.Build.0 = Debug|Any CPU
		{B4C25311-4121-45CE-B175-70CDF01F4E52}.Release|Any CPU.ActiveCfg = Release|Any CPU
		{B4C25311-4121-45CE-B175-70CDF01F4E52}.Release|Any CPU.Build.0 = Release|Any CPU
		{BEFC9AB0-882C-47F0-9275-1D3E207F528D}.Debug|Any CPU.ActiveCfg = Debug|Any CPU
		{BEFC9AB0-882C-47F0-9275-1D3E207F528D}.Debug|Any CPU.Build.0 = Debug|Any CPU
		{BEFC9AB0-882C-47F0-9275-1D3E207F528D}.Release|Any CPU.ActiveCfg = Release|Any CPU
		{BEFC9AB0-882C-47F0-9275-1D3E207F528D}.Release|Any CPU.Build.0 = Release|Any CPU
	EndGlobalSection
	GlobalSection(SolutionProperties) = preSolution
		HideSolutionNode = FALSE
	EndGlobalSection
EndGlobal
